
Microsoft Visual Studio Solution File, Format Version 12.00
# Visual Studio Version 17
VisualStudioVersion = 17.0.32014.148
MinimumVisualStudioVersion = 10.0.40219.1
Project("{9A19103F-16F7-4668-BE54-9A1E7A4F7556}") = "HistoryService", "HistoryService\HistoryService.csproj", "{AD79551B-8769-4EE8-8697-59DD819BB1F6}"
EndProject
Project("{E53339B2-1760-4266-BCC7-CA923CBCF16C}") = "docker-compose", "docker-compose.dcproj", "{48DD35BF-119A-4F9F-BEEA-760E1048177B}"
EndProject
Global
	GlobalSection(SolutionConfigurationPlatforms) = preSolution
		Debug|Any CPU = Debug|Any CPU
		Release|Any CPU = Release|Any CPU
	EndGlobalSection
	GlobalSection(ProjectConfigurationPlatforms) = postSolution
		{AD79551B-8769-4EE8-8697-59DD819BB1F6}.Debug|Any CPU.ActiveCfg = Debug|Any CPU
		{AD79551B-8769-4EE8-8697-59DD819BB1F6}.Debug|Any CPU.Build.0 = Debug|Any CPU
		{AD79551B-8769-4EE8-8697-59DD819BB1F6}.Release|Any CPU.ActiveCfg = Release|Any CPU
		{AD79551B-8769-4EE8-8697-59DD819BB1F6}.Release|Any CPU.Build.0 = Release|Any CPU
		{48DD35BF-119A-4F9F-BEEA-760E1048177B}.Debug|Any CPU.ActiveCfg = Debug|Any CPU
		{48DD35BF-119A-4F9F-BEEA-760E1048177B}.Debug|Any CPU.Build.0 = Debug|Any CPU
		{48DD35BF-119A-4F9F-BEEA-760E1048177B}.Release|Any CPU.ActiveCfg = Release|Any CPU
		{48DD35BF-119A-4F9F-BEEA-760E1048177B}.Release|Any CPU.Build.0 = Release|Any CPU
	EndGlobalSection
	GlobalSection(SolutionProperties) = preSolution
		HideSolutionNode = FALSE
	EndGlobalSection
	GlobalSection(ExtensibilityGlobals) = postSolution
		SolutionGuid = {2CCA6355-CF77-4779-8C18-D51379654855}
	EndGlobalSection
EndGlobal
